
Microsoft Visual Studio Solution File, Format Version 12.00
# Visual Studio Version 17
VisualStudioVersion = 17.8.34511.84
MinimumVisualStudioVersion = 10.0.40219.1
Project("{FAE04EC0-301F-11D3-BF4B-00C04F79EFBC}") = "OpenSolarMax.Launcher", "OpenSolarMax.Launcher\OpenSolarMax.Launcher.csproj", "{42506446-8E6B-4540-90F3-05CDD0B04CF8}"
EndProject
Global
	GlobalSection(SolutionConfigurationPlatforms) = preSolution
		Debug|Any CPU = Debug|Any CPU
		Release|Any CPU = Release|Any CPU
	EndGlobalSection
	GlobalSection(ProjectConfigurationPlatforms) = postSolution
		{42506446-8E6B-4540-90F3-05CDD0B04CF8}.Debug|Any CPU.ActiveCfg = Debug|Any CPU
		{42506446-8E6B-4540-90F3-05CDD0B04CF8}.Debug|Any CPU.Build.0 = Debug|Any CPU
		{42506446-8E6B-4540-90F3-05CDD0B04CF8}.Release|Any CPU.ActiveCfg = Release|Any CPU
		{42506446-8E6B-4540-90F3-05CDD0B04CF8}.Release|Any CPU.Build.0 = Release|Any CPU
	EndGlobalSection
	GlobalSection(SolutionProperties) = preSolution
		HideSolutionNode = FALSE
	EndGlobalSection
	GlobalSection(ExtensibilityGlobals) = postSolution
		SolutionGuid = {7FAA78F0-E1E7-451B-9E0E-950D9765F265}
	EndGlobalSection
EndGlobal
