
Microsoft Visual Studio Solution File, Format Version 12.00
# Visual Studio Version 17
VisualStudioVersion = 17.0.31903.59
MinimumVisualStudioVersion = 10.0.40219.1
Project("{2150E333-8FDC-42A3-9474-1A3956D46DE8}") = "Third Party", "Third Party", "{6E7B8EA3-99DF-4CE2-9D3C-F22F160DE6B9}"
EndProject
Project("{FAE04EC0-301F-11D3-BF4B-00C04F79EFBC}") = "FMOD", "Third Party\FMOD\FMOD.csproj", "{5D4C6E6C-726E-4B93-AB7E-39F3293B143E}"
EndProject
Project("{FAE04EC0-301F-11D3-BF4B-00C04F79EFBC}") = "Nine.MG", "Third Party\Nine\Nine\Nine.MG.csproj", "{A902522D-8485-45FA-8A29-68F9A68B4947}"
EndProject
Project("{FAE04EC0-301F-11D3-BF4B-00C04F79EFBC}") = "OpenSolarMax.Game", "OpenSolarMax.Game\OpenSolarMax.Game.csproj", "{24D9A443-E0E3-40A1-9948-0AED1134176D}"
EndProject
Project("{FAE04EC0-301F-11D3-BF4B-00C04F79EFBC}") = "OpenSolarMax.Mods.Core", "OpenSolarMax.Mods.Core\OpenSolarMax.Mods.Core.csproj", "{ED07A69C-AADF-4623-8834-1586A99D931A}"
EndProject
Project("{FAE04EC0-301F-11D3-BF4B-00C04F79EFBC}") = "OpenSolarMax.Launcher", "OpenSolarMax.Launcher\OpenSolarMax.Launcher.csproj", "{9D772E75-2D82-4DEC-8D25-9F1620888C8D}"
EndProject
Project("{FAE04EC0-301F-11D3-BF4B-00C04F79EFBC}") = "OpenSolarMax.Mods.Core.SourceGenerators", "OpenSolarMax.Mods.Core.SourceGenerators\OpenSolarMax.Mods.Core.SourceGenerators.csproj", "{ACF57F3D-0AF9-4E5D-B43C-C71B3582E647}"
EndProject
Global
	GlobalSection(SolutionConfigurationPlatforms) = preSolution
		Debug|Any CPU = Debug|Any CPU
		Release|Any CPU = Release|Any CPU
	EndGlobalSection
	GlobalSection(SolutionProperties) = preSolution
		HideSolutionNode = FALSE
	EndGlobalSection
	GlobalSection(ProjectConfigurationPlatforms) = postSolution
		{5D4C6E6C-726E-4B93-AB7E-39F3293B143E}.Debug|Any CPU.ActiveCfg = Debug|Any CPU
		{5D4C6E6C-726E-4B93-AB7E-39F3293B143E}.Debug|Any CPU.Build.0 = Debug|Any CPU
		{5D4C6E6C-726E-4B93-AB7E-39F3293B143E}.Release|Any CPU.ActiveCfg = Release|Any CPU
		{5D4C6E6C-726E-4B93-AB7E-39F3293B143E}.Release|Any CPU.Build.0 = Release|Any CPU
		{A902522D-8485-45FA-8A29-68F9A68B4947}.Debug|Any CPU.ActiveCfg = Debug|Any CPU
		{A902522D-8485-45FA-8A29-68F9A68B4947}.Debug|Any CPU.Build.0 = Debug|Any CPU
		{A902522D-8485-45FA-8A29-68F9A68B4947}.Release|Any CPU.ActiveCfg = Release|Any CPU
		{A902522D-8485-45FA-8A29-68F9A68B4947}.Release|Any CPU.Build.0 = Release|Any CPU
		{24D9A443-E0E3-40A1-9948-0AED1134176D}.Debug|Any CPU.ActiveCfg = Debug|Any CPU
		{24D9A443-E0E3-40A1-9948-0AED1134176D}.Debug|Any CPU.Build.0 = Debug|Any CPU
		{24D9A443-E0E3-40A1-9948-0AED1134176D}.Release|Any CPU.ActiveCfg = Release|Any CPU
		{24D9A443-E0E3-40A1-9948-0AED1134176D}.Release|Any CPU.Build.0 = Release|Any CPU
		{ED07A69C-AADF-4623-8834-1586A99D931A}.Debug|Any CPU.ActiveCfg = Debug|Any CPU
		{ED07A69C-AADF-4623-8834-1586A99D931A}.Debug|Any CPU.Build.0 = Debug|Any CPU
		{ED07A69C-AADF-4623-8834-1586A99D931A}.Release|Any CPU.ActiveCfg = Release|Any CPU
		{ED07A69C-AADF-4623-8834-1586A99D931A}.Release|Any CPU.Build.0 = Release|Any CPU
		{9D772E75-2D82-4DEC-8D25-9F1620888C8D}.Debug|Any CPU.ActiveCfg = Debug|Any CPU
		{9D772E75-2D82-4DEC-8D25-9F1620888C8D}.Debug|Any CPU.Build.0 = Debug|Any CPU
		{9D772E75-2D82-4DEC-8D25-9F1620888C8D}.Release|Any CPU.ActiveCfg = Release|Any CPU
		{9D772E75-2D82-4DEC-8D25-9F1620888C8D}.Release|Any CPU.Build.0 = Release|Any CPU
		{ACF57F3D-0AF9-4E5D-B43C-C71B3582E647}.Debug|Any CPU.ActiveCfg = Debug|Any CPU
		{ACF57F3D-0AF9-4E5D-B43C-C71B3582E647}.Debug|Any CPU.Build.0 = Debug|Any CPU
		{ACF57F3D-0AF9-4E5D-B43C-C71B3582E647}.Release|Any CPU.ActiveCfg = Release|Any CPU
		{ACF57F3D-0AF9-4E5D-B43C-C71B3582E647}.Release|Any CPU.Build.0 = Release|Any CPU
	EndGlobalSection
	GlobalSection(NestedProjects) = preSolution
		{5D4C6E6C-726E-4B93-AB7E-39F3293B143E} = {6E7B8EA3-99DF-4CE2-9D3C-F22F160DE6B9}
		{A902522D-8485-45FA-8A29-68F9A68B4947} = {6E7B8EA3-99DF-4CE2-9D3C-F22F160DE6B9}
	EndGlobalSection
EndGlobal
