
Microsoft Visual Studio Solution File, Format Version 12.00
# Visual Studio Version 17
VisualStudioVersion = 17.8.34511.84
MinimumVisualStudioVersion = 10.0.40219.1
Project("{9A19103F-16F7-4668-BE54-9A1E7A4F7556}") = "OpenSolarMax.Launcher", "OpenSolarMax.Launcher\OpenSolarMax.Launcher.csproj", "{42506446-8E6B-4540-90F3-05CDD0B04CF8}"
EndProject
Project("{9A19103F-16F7-4668-BE54-9A1E7A4F7556}") = "OpenSolarMax.Game", "OpenSolarMax.Game\OpenSolarMax.Game.csproj", "{44FC0053-BCC1-4B5E-BC1E-5366192EAE20}"
EndProject
Project("{9A19103F-16F7-4668-BE54-9A1E7A4F7556}") = "OpenSolarMax.Core", "OpenSolarMax.Core\OpenSolarMax.Core.csproj", "{451AED7A-362C-4229-AFCB-E089DA0BB40D}"
EndProject
Project("{9A19103F-16F7-4668-BE54-9A1E7A4F7556}") = "Nine.MG", "Nine\Nine\Nine.MG.csproj", "{B3C9A400-EBC3-4180-A2E7-DFD04BB8CFA0}"
EndProject
Global
	GlobalSection(SolutionConfigurationPlatforms) = preSolution
		Debug|Any CPU = Debug|Any CPU
		Release|Any CPU = Release|Any CPU
	EndGlobalSection
	GlobalSection(ProjectConfigurationPlatforms) = postSolution
		{42506446-8E6B-4540-90F3-05CDD0B04CF8}.Debug|Any CPU.ActiveCfg = Debug|Any CPU
		{42506446-8E6B-4540-90F3-05CDD0B04CF8}.Debug|Any CPU.Build.0 = Debug|Any CPU
		{42506446-8E6B-4540-90F3-05CDD0B04CF8}.Release|Any CPU.ActiveCfg = Release|Any CPU
		{42506446-8E6B-4540-90F3-05CDD0B04CF8}.Release|Any CPU.Build.0 = Release|Any CPU
		{44FC0053-BCC1-4B5E-BC1E-5366192EAE20}.Debug|Any CPU.ActiveCfg = Debug|Any CPU
		{44FC0053-BCC1-4B5E-BC1E-5366192EAE20}.Debug|Any CPU.Build.0 = Debug|Any CPU
		{44FC0053-BCC1-4B5E-BC1E-5366192EAE20}.Release|Any CPU.ActiveCfg = Release|Any CPU
		{44FC0053-BCC1-4B5E-BC1E-5366192EAE20}.Release|Any CPU.Build.0 = Release|Any CPU
		{451AED7A-362C-4229-AFCB-E089DA0BB40D}.Debug|Any CPU.ActiveCfg = Debug|Any CPU
		{451AED7A-362C-4229-AFCB-E089DA0BB40D}.Debug|Any CPU.Build.0 = Debug|Any CPU
		{451AED7A-362C-4229-AFCB-E089DA0BB40D}.Release|Any CPU.ActiveCfg = Release|Any CPU
		{451AED7A-362C-4229-AFCB-E089DA0BB40D}.Release|Any CPU.Build.0 = Release|Any CPU
		{B3C9A400-EBC3-4180-A2E7-DFD04BB8CFA0}.Debug|Any CPU.ActiveCfg = Debug|Any CPU
		{B3C9A400-EBC3-4180-A2E7-DFD04BB8CFA0}.Debug|Any CPU.Build.0 = Debug|Any CPU
		{B3C9A400-EBC3-4180-A2E7-DFD04BB8CFA0}.Release|Any CPU.ActiveCfg = Release|Any CPU
		{B3C9A400-EBC3-4180-A2E7-DFD04BB8CFA0}.Release|Any CPU.Build.0 = Release|Any CPU
	EndGlobalSection
	GlobalSection(SolutionProperties) = preSolution
		HideSolutionNode = FALSE
	EndGlobalSection
	GlobalSection(ExtensibilityGlobals) = postSolution
		SolutionGuid = {7FAA78F0-E1E7-451B-9E0E-950D9765F265}
	EndGlobalSection
EndGlobal
